github.com/Felixoid/module-dependency-example v1.0.0 h1:FZDp6ii1T56PBdjb/A0mAvueFBMZEi0g9cJ0uu4eJVs=
github.com/Felixoid/module-dependency-example v1.0.0/go.mod h1:s8B/di6TkxLvH4btx2u+raA+PfSijaPNjIYLl4od3no=
github.com/Felixoid/module-dependency-example/v2 v2.0.1 h1:AXH3HSHCYm/rjcaNDPKoWrqHcC/R2lHO+A991mHZhPo=
github.com/Felixoid/module-dependency-example/v2 v2.0.1/go.mod h1:X8gnKm+b3RHn9KyMb+uQXC8lPeH6gqa3t1a7bgn9Zfc=
